
Microsoft Visual Studio Solution File, Format Version 11.00
# Visual Studio 2010
Project("{FAE04EC0-301F-11D3-BF4B-00C04F79EFBC}") = "WCF.Validation.Contract", "WCF.Validation.Contract\WCF.Validation.Contract.csproj", "{8B16F22C-657F-4C44-97D7-BC2C404851CD}"
EndProject
Project("{FAE04EC0-301F-11D3-BF4B-00C04F79EFBC}") = "WCF.Validation.Demo.Server", "WCF.Validation.Demo.Server\WCF.Validation.Demo.Server.csproj", "{3593E563-7C1D-49E8-839B-8F79987B367C}"
EndProject
Project("{FAE04EC0-301F-11D3-BF4B-00C04F79EFBC}") = "WCF.Validation.Demo.Client", "WCF.Validation.Demo.Client\WCF.Validation.Demo.Client.csproj", "{B778A671-6BFD-446E-859F-5CADC1CB7EC4}"
EndProject
Project("{2150E333-8FDC-42A3-9474-1A3956D46DE8}") = "Solution Items", "Solution Items", "{27464377-43CF-47F9-B327-002DCE59BD32}"
	ProjectSection(SolutionItems) = preProject
		Readme.txt = Readme.txt
	EndProjectSection
EndProject
Project("{FAE04EC0-301F-11D3-BF4B-00C04F79EFBC}") = "WCF.Validation.Contract.Validators", "WCF.Validation.Contract.Validators\WCF.Validation.Contract.Validators.csproj", "{F68BA69F-E2C2-48F1-AEA4-C4BA0C916B3C}"
EndProject
Global
	GlobalSection(SolutionConfigurationPlatforms) = preSolution
		Debug|Any CPU = Debug|Any CPU
		Debug|Mixed Platforms = Debug|Mixed Platforms
		Debug|x86 = Debug|x86
		Release|Any CPU = Release|Any CPU
		Release|Mixed Platforms = Release|Mixed Platforms
		Release|x86 = Release|x86
	EndGlobalSection
	GlobalSection(ProjectConfigurationPlatforms) = postSolution
		{8B16F22C-657F-4C44-97D7-BC2C404851CD}.Debug|Any CPU.ActiveCfg = Debug|Any CPU
		{8B16F22C-657F-4C44-97D7-BC2C404851CD}.Debug|Any CPU.Build.0 = Debug|Any CPU
		{8B16F22C-657F-4C44-97D7-BC2C404851CD}.Debug|Mixed Platforms.ActiveCfg = Debug|Any CPU
		{8B16F22C-657F-4C44-97D7-BC2C404851CD}.Debug|Mixed Platforms.Build.0 = Debug|Any CPU
		{8B16F22C-657F-4C44-97D7-BC2C404851CD}.Debug|x86.ActiveCfg = Debug|Any CPU
		{8B16F22C-657F-4C44-97D7-BC2C404851CD}.Release|Any CPU.ActiveCfg = Release|Any CPU
		{8B16F22C-657F-4C44-97D7-BC2C404851CD}.Release|Any CPU.Build.0 = Release|Any CPU
		{8B16F22C-657F-4C44-97D7-BC2C404851CD}.Release|Mixed Platforms.ActiveCfg = Release|Any CPU
		{8B16F22C-657F-4C44-97D7-BC2C404851CD}.Release|Mixed Platforms.Build.0 = Release|Any CPU
		{8B16F22C-657F-4C44-97D7-BC2C404851CD}.Release|x86.ActiveCfg = Release|Any CPU
		{3593E563-7C1D-49E8-839B-8F79987B367C}.Debug|Any CPU.ActiveCfg = Debug|x86
		{3593E563-7C1D-49E8-839B-8F79987B367C}.Debug|Mixed Platforms.ActiveCfg = Debug|x86
		{3593E563-7C1D-49E8-839B-8F79987B367C}.Debug|Mixed Platforms.Build.0 = Debug|x86
		{3593E563-7C1D-49E8-839B-8F79987B367C}.Debug|x86.ActiveCfg = Debug|x86
		{3593E563-7C1D-49E8-839B-8F79987B367C}.Debug|x86.Build.0 = Debug|x86
		{3593E563-7C1D-49E8-839B-8F79987B367C}.Release|Any CPU.ActiveCfg = Release|x86
		{3593E563-7C1D-49E8-839B-8F79987B367C}.Release|Mixed Platforms.ActiveCfg = Release|x86
		{3593E563-7C1D-49E8-839B-8F79987B367C}.Release|Mixed Platforms.Build.0 = Release|x86
		{3593E563-7C1D-49E8-839B-8F79987B367C}.Release|x86.ActiveCfg = Release|x86
		{3593E563-7C1D-49E8-839B-8F79987B367C}.Release|x86.Build.0 = Release|x86
		{B778A671-6BFD-446E-859F-5CADC1CB7EC4}.Debug|Any CPU.ActiveCfg = Debug|x86
		{B778A671-6BFD-446E-859F-5CADC1CB7EC4}.Debug|Mixed Platforms.ActiveCfg = Debug|x86
		{B778A671-6BFD-446E-859F-5CADC1CB7EC4}.Debug|Mixed Platforms.Build.0 = Debug|x86
		{B778A671-6BFD-446E-859F-5CADC1CB7EC4}.Debug|x86.ActiveCfg = Debug|x86
		{B778A671-6BFD-446E-859F-5CADC1CB7EC4}.Debug|x86.Build.0 = Debug|x86
		{B778A671-6BFD-446E-859F-5CADC1CB7EC4}.Release|Any CPU.ActiveCfg = Release|x86
		{B778A671-6BFD-446E-859F-5CADC1CB7EC4}.Release|Mixed Platforms.ActiveCfg = Release|x86
		{B778A671-6BFD-446E-859F-5CADC1CB7EC4}.Release|Mixed Platforms.Build.0 = Release|x86
		{B778A671-6BFD-446E-859F-5CADC1CB7EC4}.Release|x86.ActiveCfg = Release|x86
		{B778A671-6BFD-446E-859F-5CADC1CB7EC4}.Release|x86.Build.0 = Release|x86
		{F68BA69F-E2C2-48F1-AEA4-C4BA0C916B3C}.Debug|Any CPU.ActiveCfg = Debug|Any CPU
		{F68BA69F-E2C2-48F1-AEA4-C4BA0C916B3C}.Debug|Any CPU.Build.0 = Debug|Any CPU
		{F68BA69F-E2C2-48F1-AEA4-C4BA0C916B3C}.Debug|Mixed Platforms.ActiveCfg = Debug|Any CPU
		{F68BA69F-E2C2-48F1-AEA4-C4BA0C916B3C}.Debug|Mixed Platforms.Build.0 = Debug|Any CPU
		{F68BA69F-E2C2-48F1-AEA4-C4BA0C916B3C}.Debug|x86.ActiveCfg = Debug|Any CPU
		{F68BA69F-E2C2-48F1-AEA4-C4BA0C916B3C}.Release|Any CPU.ActiveCfg = Release|Any CPU
		{F68BA69F-E2C2-48F1-AEA4-C4BA0C916B3C}.Release|Any CPU.Build.0 = Release|Any CPU
		{F68BA69F-E2C2-48F1-AEA4-C4BA0C916B3C}.Release|Mixed Platforms.ActiveCfg = Release|Any CPU
		{F68BA69F-E2C2-48F1-AEA4-C4BA0C916B3C}.Release|Mixed Platforms.Build.0 = Release|Any CPU
		{F68BA69F-E2C2-48F1-AEA4-C4BA0C916B3C}.Release|x86.ActiveCfg = Release|Any CPU
	EndGlobalSection
	GlobalSection(SolutionProperties) = preSolution
		HideSolutionNode = FALSE
	EndGlobalSection
EndGlobal
